
Microsoft Visual Studio Solution File, Format Version 12.00
# Visual Studio Version 17
VisualStudioVersion = 17.12.35527.113 d17.12
MinimumVisualStudioVersion = 10.0.40219.1
Project("{FAE04EC0-301F-11D3-BF4B-00C04F79EFBC}") = "BookingClient", "BookingClient\BookingClient.csproj", "{99F0960F-5516-45DB-82FB-D90CD662A807}"
EndProject
Global
	GlobalSection(SolutionConfigurationPlatforms) = preSolution
		Debug|Any CPU = Debug|Any CPU
		Release|Any CPU = Release|Any CPU
	EndGlobalSection
	GlobalSection(ProjectConfigurationPlatforms) = postSolution
		{99F0960F-5516-45DB-82FB-D90CD662A807}.Debug|Any CPU.ActiveCfg = Debug|Any CPU
		{99F0960F-5516-45DB-82FB-D90CD662A807}.Debug|Any CPU.Build.0 = Debug|Any CPU
		{99F0960F-5516-45DB-82FB-D90CD662A807}.Release|Any CPU.ActiveCfg = Release|Any CPU
		{99F0960F-5516-45DB-82FB-D90CD662A807}.Release|Any CPU.Build.0 = Release|Any CPU
	EndGlobalSection
	GlobalSection(SolutionProperties) = preSolution
		HideSolutionNode = FALSE
	EndGlobalSection
EndGlobal
